# THIS IS AN AUTOGENERATED FILE. DO NOT EDIT THIS FILE DIRECTLY.
# yarn lockfile v1


"@types/node@^16.9.6":
  version "16.9.6"
  resolved "https://registry.yarnpkg.com/@types/node/-/node-16.9.6.tgz#040a64d7faf9e5d9e940357125f0963012e66f04"
  integrity sha512-YHUZhBOMTM3mjFkXVcK+WwAcYmyhe1wL4lfqNtzI0b3qAy7yuSetnM7QJazgE5PFmgVTNGiLOgRFfJMqW7XpSQ==

typescript@^4.5.0-dev.20210923:
  version "4.5.0-dev.20210923"
  resolved "https://registry.yarnpkg.com/typescript/-/typescript-4.5.0-dev.20210923.tgz#9c8b16abafd2041bd05ddf07831c0f2bdc26ae73"
  integrity sha512-dYmkDaDTblBvvyBz4TfZFg/JYcFqs5F60OhlAg9BEeJRWQCxfB4PyedSmSRUxNj+r4b2tZWHPtNvZRwlNJPqog==
